# THIS IS AN AUTOGENERATED FILE. DO NOT EDIT THIS FILE DIRECTLY.
# yarn lockfile v1


"@types/node@^14.6.3":
  version "14.6.3"
  resolved "https://registry.yarnpkg.com/@types/node/-/node-14.6.3.tgz#cc4f979548ca4d8e7b90bc0180052ab99ee64224"
  integrity sha512-pC/hkcREG6YfDfui1FBmj8e20jFU5Exjw4NYDm8kEdrW+mOh0T1Zve8DWKnS7ZIZvgncrctcNCXF4Q2I+loyww==

callsites@^3.1.0:
  version "3.1.0"
  resolved "https://registry.yarnpkg.com/callsites/-/callsites-3.1.0.tgz#b3630abd8943432f54b3f0519238e33cd7df2f73"
  integrity sha512-P8BjAsXvZS+VIDUI11hHCQEv74YT67YUi5JJFNWIqL235sBmjX4+qx9Muvls5ivyNENctx46xQLQ3aTuE7ssaQ==

dequal@^1.0.0:
  version "1.0.1"
  resolved "https://registry.yarnpkg.com/dequal/-/dequal-1.0.1.tgz#dbbf9795ec626e9da8bd68782f4add1d23700d8b"
  integrity sha512-Fx8jxibzkJX2aJgyfSdLhr9tlRoTnHKrRJuu2XHlAgKioN2j19/Bcbe0d4mFXYZ3+wpE2KVobUVTfDutcD17xQ==

diff@^4.0.2:
  version "4.0.2"
  resolved "https://registry.yarnpkg.com/diff/-/diff-4.0.2.tgz#60f3aecb89d5fae520c11aa19efc2bb982aade7d"
  integrity sha512-58lmxKSA4BNyLz+HHMUzlOEpg09FV+ev6ZMe3vJihgdxzgcwZ8VoEEPmALCZG9LmqfVoNMMKpttIYTVG6uDY7A==

find-up@^5.0.0:
  version "5.0.0"
  resolved "https://registry.yarnpkg.com/find-up/-/find-up-5.0.0.tgz#4c92819ecb7083561e4f4a240a86be5198f536fc"
  integrity sha512-78/PXT1wlLLDgTzDs7sjq9hzz0vXD+zn+7wypEe4fXQxCmdmqfGsEPQxmiCSQI3ajFV91bVSsvNtrJRiW6nGng==
  dependencies:
    locate-path "^6.0.0"
    path-exists "^4.0.0"

kleur@^4.0.3:
  version "4.1.1"
  resolved "https://registry.yarnpkg.com/kleur/-/kleur-4.1.1.tgz#80b49dd7d1afeba41b8dcdf4ecfff9252205fc52"
  integrity sha512-BsNhM6T/yTWFG580CRnYhT3LfUuPK7Hwrm+W2H0G8lK/nogalP5Nsrh/cHjxVVkzl0sFm7z8b8rNcZCfKxeoxA==

locate-path@^6.0.0:
  version "6.0.0"
  resolved "https://registry.yarnpkg.com/locate-path/-/locate-path-6.0.0.tgz#55321eb309febbc59c4801d931a72452a681d286"
  integrity sha512-iPZK6eYjbxRu3uB4/WZ3EsEIMJFMqAoopl3R+zuq0UjcAm/MO6KCweDgPfP3elTztoKP3KtnVHxTn2NHBSDVUw==
  dependencies:
    p-locate "^5.0.0"

mri@^1.1.0:
  version "1.1.6"
  resolved "https://registry.yarnpkg.com/mri/-/mri-1.1.6.tgz#49952e1044db21dbf90f6cd92bc9c9a777d415a6"
  integrity sha512-oi1b3MfbyGa7FJMP9GmLTttni5JoICpYBRlq+x5V16fZbLsnL9N3wFqqIm/nIG43FjUFkFh9Epzp/kzUGUnJxQ==

p-limit@^3.0.2:
  version "3.0.2"
  resolved "https://registry.yarnpkg.com/p-limit/-/p-limit-3.0.2.tgz#1664e010af3cadc681baafd3e2a437be7b0fb5fe"
  integrity sha512-iwqZSOoWIW+Ew4kAGUlN16J4M7OB3ysMLSZtnhmqx7njIHFPlxWBX8xo3lVTyFVq6mI/lL9qt2IsN1sHwaxJkg==
  dependencies:
    p-try "^2.0.0"

p-locate@^5.0.0:
  version "5.0.0"
  resolved "https://registry.yarnpkg.com/p-locate/-/p-locate-5.0.0.tgz#83c8315c6785005e3bd021839411c9e110e6d834"
  integrity sha512-LaNjtRWUBY++zB5nE/NwcaoMylSPk+S+ZHNB1TzdbMJMny6dynpAGt7X/tl/QYq3TIeE6nxHppbo2LGymrG5Pw==
  dependencies:
    p-limit "^3.0.2"

p-try@^2.0.0:
  version "2.2.0"
  resolved "https://registry.yarnpkg.com/p-try/-/p-try-2.2.0.tgz#cb2868540e313d61de58fafbe35ce9004d5540e6"
  integrity sha512-R4nPAVTAU0B9D35/Gk3uJf/7XYbQcyohSKdvAxIRSNghFl4e71hVoGnBNQz9cWaXxO2I10KTC+3jMdvvoKw6dQ==

path-exists@^4.0.0:
  version "4.0.0"
  resolved "https://registry.yarnpkg.com/path-exists/-/path-exists-4.0.0.tgz#513bdbe2d3b95d7762e8c1137efa195c6c61b5b3"
  integrity sha512-ak9Qy5Q7jYb2Wwcey5Fpvg2KoAc/ZIhLSLOSBmRmygPsGwkVVt0fZa0qrtMz+m6tJTAHfZQ8FnmB4MG4LWy7/w==

pkg-dir@^5.0.0:
  version "5.0.0"
  resolved "https://registry.yarnpkg.com/pkg-dir/-/pkg-dir-5.0.0.tgz#a02d6aebe6ba133a928f74aec20bafdfe6b8e760"
  integrity sha512-NPE8TDbzl/3YQYY7CSS228s3g2ollTFnc+Qi3tqmqJp9Vg2ovUpixcJEo2HJScN2Ez+kEaal6y70c0ehqJBJeA==
  dependencies:
    find-up "^5.0.0"

sade@^1.7.3:
  version "1.7.3"
  resolved "https://registry.yarnpkg.com/sade/-/sade-1.7.3.tgz#a217ccc4fb4abb2d271648bf48f6628b2636fa1b"
  integrity sha512-m4BctppMvJ60W1dXnHq7jMmFe3hPJZDAH85kQ3ACTo7XZNVUuTItCQ+2HfyaMeV5cKrbw7l4vD/6We3GBxvdJw==
  dependencies:
    mri "^1.1.0"

totalist@^1.1.0:
  version "1.1.0"
  resolved "https://registry.yarnpkg.com/totalist/-/totalist-1.1.0.tgz#a4d65a3e546517701e3e5c37a47a70ac97fe56df"
  integrity sha512-gduQwd1rOdDMGxFG1gEvhV88Oirdo2p+KjoYFU7k2g+i7n6AFFbDQ5kMPUsW0pNbfQsB/cwXvT1i4Bue0s9g5g==

typescript@^4.0.2:
  version "4.0.2"
  resolved "https://registry.yarnpkg.com/typescript/-/typescript-4.0.2.tgz#7ea7c88777c723c681e33bf7988be5d008d05ac2"
  integrity sha512-e4ERvRV2wb+rRZ/IQeb3jm2VxBsirQLpQhdxplZ2MEzGvDkkMmPglecnNDfSUBivMjP93vRbngYYDQqQ/78bcQ==

uvu@^0.3.3:
  version "0.3.3"
  resolved "https://registry.yarnpkg.com/uvu/-/uvu-0.3.3.tgz#ad2edd8d2fca50c4dcb39fb2e843f4c15e48ac94"
  integrity sha512-5oeS+bkoRM5FGjXMXCZvjLLeUB9P5HXn2LFiTQaItopJFBtXuJ2XxWkWJNe2NgWthxFUOZR+eyhodgiaFqv7wQ==
  dependencies:
    dequal "^1.0.0"
    diff "^4.0.2"
    kleur "^4.0.3"
    sade "^1.7.3"
    totalist "^1.1.0"
